
Microsoft Visual Studio Solution File, Format Version 12.00
# Visual Studio Version 17
VisualStudioVersion = 17.5.33502.453
MinimumVisualStudioVersion = 10.0.40219.1
Project("{FAE04EC0-301F-11D3-BF4B-00C04F79EFBC}") = "TryAlgorithmsHeapSort#1", "TryAlgorithmsHeapSort#1\TryAlgorithmsHeapSort#1.csproj", "{DF30E970-6A21-43B0-93A9-689416A4728D}"
EndProject
Global
	GlobalSection(SolutionConfigurationPlatforms) = preSolution
		Debug|Any CPU = Debug|Any CPU
		Release|Any CPU = Release|Any CPU
	EndGlobalSection
	GlobalSection(ProjectConfigurationPlatforms) = postSolution
		{DF30E970-6A21-43B0-93A9-689416A4728D}.Debug|Any CPU.ActiveCfg = Debug|Any CPU
		{DF30E970-6A21-43B0-93A9-689416A4728D}.Debug|Any CPU.Build.0 = Debug|Any CPU
		{DF30E970-6A21-43B0-93A9-689416A4728D}.Release|Any CPU.ActiveCfg = Release|Any CPU
		{DF30E970-6A21-43B0-93A9-689416A4728D}.Release|Any CPU.Build.0 = Release|Any CPU
	EndGlobalSection
	GlobalSection(SolutionProperties) = preSolution
		HideSolutionNode = FALSE
	EndGlobalSection
	GlobalSection(ExtensibilityGlobals) = postSolution
		SolutionGuid = {D3B640EA-3E60-4209-834E-13A0266D607E}
	EndGlobalSection
EndGlobal
